
Microsoft Visual Studio Solution File, Format Version 11.00
# Visual Studio 2010
Project("{FAE04EC0-301F-11D3-BF4B-00C04F79EFBC}") = "CreateStoryInV1", "CreateStoryInV1\CreateStoryInV1.csproj", "{3325D356-8010-4CCE-B760-1753BC790318}"
EndProject
Project("{FAE04EC0-301F-11D3-BF4B-00C04F79EFBC}") = "CreateStoryInV1.Tests", "CreateStoryInV1.Tests\CreateStoryInV1.Tests.csproj", "{541C3A44-6770-425D-ADCD-9712DCAD27CC}"
EndProject
Project("{2150E333-8FDC-42A3-9474-1A3956D46DE8}") = ".nuget", ".nuget", "{0562B852-572C-491B-8E67-69470FF24D46}"
	ProjectSection(SolutionItems) = preProject
		.nuget\NuGet.Config = .nuget\NuGet.Config
		.nuget\NuGet.exe = .nuget\NuGet.exe
		.nuget\NuGet.targets = .nuget\NuGet.targets
		.nuget\packages.config = .nuget\packages.config
	EndProjectSection
EndProject
Project("{2150E333-8FDC-42A3-9474-1A3956D46DE8}") = "More Complex Library App with Unit Tests", "More Complex Library App with Unit Tests", "{7A66DB5F-C463-415F-AC1C-730D65A5E8E2}"
EndProject
Project("{2150E333-8FDC-42A3-9474-1A3956D46DE8}") = "A Simple Console App", "A Simple Console App", "{57FAB4E1-66F3-47D9-A41B-FE3F8AA05D26}"
EndProject
Project("{FAE04EC0-301F-11D3-BF4B-00C04F79EFBC}") = "SimpleConsoleApp", "SimpleConsoleApp\SimpleConsoleApp.csproj", "{7E78C4C9-DDBD-47FE-9E71-2774130DFE09}"
EndProject
Global
	GlobalSection(SolutionConfigurationPlatforms) = preSolution
		Debug|Any CPU = Debug|Any CPU
		Debug|Mixed Platforms = Debug|Mixed Platforms
		Debug|x86 = Debug|x86
		Release|Any CPU = Release|Any CPU
		Release|Mixed Platforms = Release|Mixed Platforms
		Release|x86 = Release|x86
	EndGlobalSection
	GlobalSection(ProjectConfigurationPlatforms) = postSolution
		{3325D356-8010-4CCE-B760-1753BC790318}.Debug|Any CPU.ActiveCfg = Debug|Any CPU
		{3325D356-8010-4CCE-B760-1753BC790318}.Debug|Any CPU.Build.0 = Debug|Any CPU
		{3325D356-8010-4CCE-B760-1753BC790318}.Debug|Mixed Platforms.ActiveCfg = Debug|Any CPU
		{3325D356-8010-4CCE-B760-1753BC790318}.Debug|Mixed Platforms.Build.0 = Debug|Any CPU
		{3325D356-8010-4CCE-B760-1753BC790318}.Debug|x86.ActiveCfg = Debug|Any CPU
		{3325D356-8010-4CCE-B760-1753BC790318}.Release|Any CPU.ActiveCfg = Release|Any CPU
		{3325D356-8010-4CCE-B760-1753BC790318}.Release|Any CPU.Build.0 = Release|Any CPU
		{3325D356-8010-4CCE-B760-1753BC790318}.Release|Mixed Platforms.ActiveCfg = Release|Any CPU
		{3325D356-8010-4CCE-B760-1753BC790318}.Release|Mixed Platforms.Build.0 = Release|Any CPU
		{3325D356-8010-4CCE-B760-1753BC790318}.Release|x86.ActiveCfg = Release|Any CPU
		{541C3A44-6770-425D-ADCD-9712DCAD27CC}.Debug|Any CPU.ActiveCfg = Debug|Any CPU
		{541C3A44-6770-425D-ADCD-9712DCAD27CC}.Debug|Any CPU.Build.0 = Debug|Any CPU
		{541C3A44-6770-425D-ADCD-9712DCAD27CC}.Debug|Mixed Platforms.ActiveCfg = Debug|Any CPU
		{541C3A44-6770-425D-ADCD-9712DCAD27CC}.Debug|Mixed Platforms.Build.0 = Debug|Any CPU
		{541C3A44-6770-425D-ADCD-9712DCAD27CC}.Debug|x86.ActiveCfg = Debug|Any CPU
		{541C3A44-6770-425D-ADCD-9712DCAD27CC}.Release|Any CPU.ActiveCfg = Release|Any CPU
		{541C3A44-6770-425D-ADCD-9712DCAD27CC}.Release|Any CPU.Build.0 = Release|Any CPU
		{541C3A44-6770-425D-ADCD-9712DCAD27CC}.Release|Mixed Platforms.ActiveCfg = Release|Any CPU
		{541C3A44-6770-425D-ADCD-9712DCAD27CC}.Release|Mixed Platforms.Build.0 = Release|Any CPU
		{541C3A44-6770-425D-ADCD-9712DCAD27CC}.Release|x86.ActiveCfg = Release|Any CPU
		{7E78C4C9-DDBD-47FE-9E71-2774130DFE09}.Debug|Any CPU.ActiveCfg = Debug|x86
		{7E78C4C9-DDBD-47FE-9E71-2774130DFE09}.Debug|Mixed Platforms.ActiveCfg = Debug|x86
		{7E78C4C9-DDBD-47FE-9E71-2774130DFE09}.Debug|Mixed Platforms.Build.0 = Debug|x86
		{7E78C4C9-DDBD-47FE-9E71-2774130DFE09}.Debug|x86.ActiveCfg = Debug|x86
		{7E78C4C9-DDBD-47FE-9E71-2774130DFE09}.Debug|x86.Build.0 = Debug|x86
		{7E78C4C9-DDBD-47FE-9E71-2774130DFE09}.Release|Any CPU.ActiveCfg = Release|x86
		{7E78C4C9-DDBD-47FE-9E71-2774130DFE09}.Release|Mixed Platforms.ActiveCfg = Release|x86
		{7E78C4C9-DDBD-47FE-9E71-2774130DFE09}.Release|Mixed Platforms.Build.0 = Release|x86
		{7E78C4C9-DDBD-47FE-9E71-2774130DFE09}.Release|x86.ActiveCfg = Release|x86
		{7E78C4C9-DDBD-47FE-9E71-2774130DFE09}.Release|x86.Build.0 = Release|x86
	EndGlobalSection
	GlobalSection(SolutionProperties) = preSolution
		HideSolutionNode = FALSE
	EndGlobalSection
	GlobalSection(NestedProjects) = preSolution
		{541C3A44-6770-425D-ADCD-9712DCAD27CC} = {7A66DB5F-C463-415F-AC1C-730D65A5E8E2}
		{3325D356-8010-4CCE-B760-1753BC790318} = {7A66DB5F-C463-415F-AC1C-730D65A5E8E2}
		{7E78C4C9-DDBD-47FE-9E71-2774130DFE09} = {57FAB4E1-66F3-47D9-A41B-FE3F8AA05D26}
	EndGlobalSection
EndGlobal
